{
  "name": "starkiller",
  "lockfileVersion": 3,
  "requires": true,
  "packages": {
    "": {
      "name": "starkiller",
      "license": "ISC",
      "workspaces": [
        "packages/*"
      ]
    },
    "node_modules/starkiller-tools": {
      "resolved": "packages/starkiller-tools",
      "link": true
    },
    "packages/starkiller-tools": {
      "version": "1.0.2",
      "license": "ISC"
    }
  }
}
